// !$*UTF8*$!
{
	archiveVersion = 1;
	classes = {
	};
	objectVersion = 46;
	objects = {

/* Begin PBXBuildFile section */
		744BE4011DE1AA9700FA406C /* home.storyboard in Resources */ = {isa = PBXBuildFile; fileRef = 744BE3FF1DE1AA9700FA406C /* home.storyboard */; };
		744BE4081DE1ABB400FA406C /* follow.storyboard in Resources */ = {isa = PBXBuildFile; fileRef = 744BE4061DE1ABB400FA406C /* follow.storyboard */; };
		744BE40D1DE1AC9100FA406C /* live.storyboard in Resources */ = {isa = PBXBuildFile; fileRef = 744BE40B1DE1AC9100FA406C /* live.storyboard */; };
		744BE4101DE1AC9B00FA406C /* profile.storyboard in Resources */ = {isa = PBXBuildFile; fileRef = 744BE40E1DE1AC9B00FA406C /* profile.storyboard */; };
		744BE4191DE1B3D700FA406C /* MainViewController.swift in Sources */ = {isa = PBXBuildFile; fileRef = 744BE4161DE1B3D700FA406C /* MainViewController.swift */; };
		744BE42A1DE1B73400FA406C /* HomeViewController.swift in Sources */ = {isa = PBXBuildFile; fileRef = 744BE4291DE1B73400FA406C /* HomeViewController.swift */; };
		744DA8FA1DEBF3C900EFE6AD /* PageTitleView.swift in Sources */ = {isa = PBXBuildFile; fileRef = 744DA8F91DEBF3C900EFE6AD /* PageTitleView.swift */; };
		744DA8FE1DEC067600EFE6AD /* Common.swift in Sources */ = {isa = PBXBuildFile; fileRef = 744DA8FD1DEC067600EFE6AD /* Common.swift */; };
		744DA9021DEC16BF00EFE6AD /* PageContentView.swift in Sources */ = {isa = PBXBuildFile; fileRef = 744DA9011DEC16BF00EFE6AD /* PageContentView.swift */; };
		744DA9041DEC1B9200EFE6AD /* UIColor+Extension.swift in Sources */ = {isa = PBXBuildFile; fileRef = 744DA9031DEC1B9200EFE6AD /* UIColor+Extension.swift */; };
		744DA9061DED8F8500EFE6AD /* LCRecommendViewController.swift in Sources */ = {isa = PBXBuildFile; fileRef = 744DA9051DED8F8500EFE6AD /* LCRecommendViewController.swift */; };
		74686E961DEBDF3000070CC7 /* UIBarButtonItem-Extension.swift in Sources */ = {isa = PBXBuildFile; fileRef = 74686E951DEBDF3000070CC7 /* UIBarButtonItem-Extension.swift */; };
		74B0FBC11DDAD8BD00D66599 /* AppDelegate.swift in Sources */ = {isa = PBXBuildFile; fileRef = 74B0FBC01DDAD8BD00D66599 /* AppDelegate.swift */; };
		74B0FBC61DDAD8BD00D66599 /* Main.storyboard in Resources */ = {isa = PBXBuildFile; fileRef = 74B0FBC41DDAD8BD00D66599 /* Main.storyboard */; };
		74B0FBC81DDAD8BD00D66599 /* Assets.xcassets in Resources */ = {isa = PBXBuildFile; fileRef = 74B0FBC71DDAD8BD00D66599 /* Assets.xcassets */; };
		74B0FBCB1DDAD8BD00D66599 /* LaunchScreen.storyboard in Resources */ = {isa = PBXBuildFile; fileRef = 74B0FBC91DDAD8BD00D66599 /* LaunchScreen.storyboard */; };
		74B0FBD61DDAD8BD00D66599 /* DDYYZZBBTests.swift in Sources */ = {isa = PBXBuildFile; fileRef = 74B0FBD51DDAD8BD00D66599 /* DDYYZZBBTests.swift */; };
		74B0FBE11DDAD8BD00D66599 /* DDYYZZBBUITests.swift in Sources */ = {isa = PBXBuildFile; fileRef = 74B0FBE01DDAD8BD00D66599 /* DDYYZZBBUITests.swift */; };
/* End PBXBuildFile section */

/* Begin PBXContainerItemProxy section */
		74B0FBD21DDAD8BD00D66599 /* PBXContainerItemProxy */ = {
			isa = PBXContainerItemProxy;
			containerPortal = 74B0FBB51DDAD8BD00D66599 /* Project object */;
			proxyType = 1;
			remoteGlobalIDString = 74B0FBBC1DDAD8BD00D66599;
			remoteInfo = DDYYZZBB;
		};
		74B0FBDD1DDAD8BD00D66599 /* PBXContainerItemProxy */ = {
			isa = PBXContainerItemProxy;
			containerPortal = 74B0FBB51DDAD8BD00D66599 /* Project object */;
			proxyType = 1;
			remoteGlobalIDString = 74B0FBBC1DDAD8BD00D66599;
			remoteInfo = DDYYZZBB;
		};
/* End PBXContainerItemProxy section */

/* Begin PBXFileReference section */
		744BE4001DE1AA9700FA406C /* Base */ = {isa = PBXFileReference; lastKnownFileType = file.storyboard; name = Base; path = DDYYZZBB/Base.lproj/home.storyboard; sourceTree = SOURCE_ROOT; };
		744BE4071DE1ABB400FA406C /* Base */ = {isa = PBXFileReference; lastKnownFileType = file.storyboard; name = Base; path = DDYYZZBB/Base.lproj/follow.storyboard; sourceTree = SOURCE_ROOT; };
		744BE40C1DE1AC9100FA406C /* Base */ = {isa = PBXFileReference; lastKnownFileType = file.storyboard; name = Base; path = Base.lproj/live.storyboard; sourceTree = "<group>"; };
		744BE40F1DE1AC9B00FA406C /* Base */ = {isa = PBXFileReference; lastKnownFileType = file.storyboard; name = Base; path = Base.lproj/profile.storyboard; sourceTree = "<group>"; };
		744BE4161DE1B3D700FA406C /* MainViewController.swift */ = {isa = PBXFileReference; fileEncoding = 4; lastKnownFileType = sourcecode.swift; path = MainViewController.swift; sourceTree = "<group>"; };
		744BE4291DE1B73400FA406C /* HomeViewController.swift */ = {isa = PBXFileReference; fileEncoding = 4; lastKnownFileType = sourcecode.swift; path = HomeViewController.swift; sourceTree = "<group>"; };
		744DA8F91DEBF3C900EFE6AD /* PageTitleView.swift */ = {isa = PBXFileReference; fileEncoding = 4; lastKnownFileType = sourcecode.swift; path = PageTitleView.swift; sourceTree = "<group>"; };
		744DA8FD1DEC067600EFE6AD /* Common.swift */ = {isa = PBXFileReference; fileEncoding = 4; lastKnownFileType = sourcecode.swift; path = Common.swift; sourceTree = "<group>"; };
		744DA9011DEC16BF00EFE6AD /* PageContentView.swift */ = {isa = PBXFileReference; fileEncoding = 4; lastKnownFileType = sourcecode.swift; path = PageContentView.swift; sourceTree = "<group>"; };
		744DA9031DEC1B9200EFE6AD /* UIColor+Extension.swift */ = {isa = PBXFileReference; fileEncoding = 4; lastKnownFileType = sourcecode.swift; path = "UIColor+Extension.swift"; sourceTree = "<group>"; };
		744DA9051DED8F8500EFE6AD /* LCRecommendViewController.swift */ = {isa = PBXFileReference; fileEncoding = 4; lastKnownFileType = sourcecode.swift; path = LCRecommendViewController.swift; sourceTree = "<group>"; };
		74686E951DEBDF3000070CC7 /* UIBarButtonItem-Extension.swift */ = {isa = PBXFileReference; fileEncoding = 4; lastKnownFileType = sourcecode.swift; path = "UIBarButtonItem-Extension.swift"; sourceTree = "<group>"; };
		74B0FBBD1DDAD8BD00D66599 /* DDYYZZBB.app */ = {isa = PBXFileReference; explicitFileType = wrapper.application; includeInIndex = 0; path = DDYYZZBB.app; sourceTree = BUILT_PRODUCTS_DIR; };
		74B0FBC01DDAD8BD00D66599 /* AppDelegate.swift */ = {isa = PBXFileReference; lastKnownFileType = sourcecode.swift; path = AppDelegate.swift; sourceTree = "<group>"; };
		74B0FBC51DDAD8BD00D66599 /* Base */ = {isa = PBXFileReference; lastKnownFileType = file.storyboard; name = Base; path = Base.lproj/Main.storyboard; sourceTree = "<group>"; };
		74B0FBC71DDAD8BD00D66599 /* Assets.xcassets */ = {isa = PBXFileReference; lastKnownFileType = folder.assetcatalog; path = Assets.xcassets; sourceTree = "<group>"; };
		74B0FBCA1DDAD8BD00D66599 /* Base */ = {isa = PBXFileReference; lastKnownFileType = file.storyboard; name = Base; path = Base.lproj/LaunchScreen.storyboard; sourceTree = "<group>"; };
		74B0FBCC1DDAD8BD00D66599 /* Info.plist */ = {isa = PBXFileReference; lastKnownFileType = text.plist.xml; path = Info.plist; sourceTree = "<group>"; };
		74B0FBD11DDAD8BD00D66599 /* DDYYZZBBTests.xctest */ = {isa = PBXFileReference; explicitFileType = wrapper.cfbundle; includeInIndex = 0; path = DDYYZZBBTests.xctest; sourceTree = BUILT_PRODUCTS_DIR; };
		74B0FBD51DDAD8BD00D66599 /* DDYYZZBBTests.swift */ = {isa = PBXFileReference; lastKnownFileType = sourcecode.swift; path = DDYYZZBBTests.swift; sourceTree = "<group>"; };
		74B0FBD71DDAD8BD00D66599 /* Info.plist */ = {isa = PBXFileReference; lastKnownFileType = text.plist.xml; path = Info.plist; sourceTree = "<group>"; };
		74B0FBDC1DDAD8BD00D66599 /* DDYYZZBBUITests.xctest */ = {isa = PBXFileReference; explicitFileType = wrapper.cfbundle; includeInIndex = 0; path = DDYYZZBBUITests.xctest; sourceTree = BUILT_PRODUCTS_DIR; };
		74B0FBE01DDAD8BD00D66599 /* DDYYZZBBUITests.swift */ = {isa = PBXFileReference; lastKnownFileType = sourcecode.swift; path = DDYYZZBBUITests.swift; sourceTree = "<group>"; };
		74B0FBE21DDAD8BD00D66599 /* Info.plist */ = {isa = PBXFileReference; lastKnownFileType = text.plist.xml; path = Info.plist; sourceTree = "<group>"; };
/* End PBXFileReference section */

/* Begin PBXFrameworksBuildPhase section */
		74B0FBBA1DDAD8BD00D66599 /* Frameworks */ = {
			isa = PBXFrameworksBuildPhase;
			buildActionMask = 2147483647;
			files = (
			);
			runOnlyForDeploymentPostprocessing = 0;
		};
		74B0FBCE1DDAD8BD00D66599 /* Frameworks */ = {
			isa = PBXFrameworksBuildPhase;
			buildActionMask = 2147483647;
			files = (
			);
			runOnlyForDeploymentPostprocessing = 0;
		};
		74B0FBD91DDAD8BD00D66599 /* Frameworks */ = {
			isa = PBXFrameworksBuildPhase;
			buildActionMask = 2147483647;
			files = (
			);
			runOnlyForDeploymentPostprocessing = 0;
		};
/* End PBXFrameworksBuildPhase section */

/* Begin PBXGroup section */
		744BE4151DE1B3D700FA406C /* Controller */ = {
			isa = PBXGroup;
			children = (
				744BE4161DE1B3D700FA406C /* MainViewController.swift */,
			);
			path = Controller;
			sourceTree = "<group>";
		};
		744BE4171DE1B3D700FA406C /* Model */ = {
			isa = PBXGroup;
			children = (
			);
			path = Model;
			sourceTree = "<group>";
		};
		744BE4181DE1B3D700FA406C /* View */ = {
			isa = PBXGroup;
			children = (
				744DA8F91DEBF3C900EFE6AD /* PageTitleView.swift */,
				744DA9011DEC16BF00EFE6AD /* PageContentView.swift */,
			);
			path = View;
			sourceTree = "<group>";
		};
		744BE41A1DE1B3EA00FA406C /* Controller */ = {
			isa = PBXGroup;
			children = (
				744BE4291DE1B73400FA406C /* HomeViewController.swift */,
				744DA9051DED8F8500EFE6AD /* LCRecommendViewController.swift */,
			);
			path = Controller;
			sourceTree = "<group>";
		};
		744BE41B1DE1B3EA00FA406C /* Model */ = {
			isa = PBXGroup;
			children = (
			);
			path = Model;
			sourceTree = "<group>";
		};
		744BE41C1DE1B3EA00FA406C /* View */ = {
			isa = PBXGroup;
			children = (
			);
			path = View;
			sourceTree = "<group>";
		};
		744BE41D1DE1B3FC00FA406C /* Controller */ = {
			isa = PBXGroup;
			children = (
			);
			path = Controller;
			sourceTree = "<group>";
		};
		744BE41E1DE1B3FC00FA406C /* Model */ = {
			isa = PBXGroup;
			children = (
			);
			path = Model;
			sourceTree = "<group>";
		};
		744BE41F1DE1B3FC00FA406C /* View */ = {
			isa = PBXGroup;
			children = (
			);
			path = View;
			sourceTree = "<group>";
		};
		744BE4201DE1B41A00FA406C /* Controller */ = {
			isa = PBXGroup;
			children = (
			);
			path = Controller;
			sourceTree = "<group>";
		};
		744BE4211DE1B41A00FA406C /* Model */ = {
			isa = PBXGroup;
			children = (
			);
			path = Model;
			sourceTree = "<group>";
		};
		744BE4221DE1B41A00FA406C /* View */ = {
			isa = PBXGroup;
			children = (
			);
			path = View;
			sourceTree = "<group>";
		};
		744BE4231DE1B42900FA406C /* Controller */ = {
			isa = PBXGroup;
			children = (
			);
			path = Controller;
			sourceTree = "<group>";
		};
		744BE4241DE1B42900FA406C /* Model */ = {
			isa = PBXGroup;
			children = (
			);
			path = Model;
			sourceTree = "<group>";
		};
		744BE4251DE1B42900FA406C /* View */ = {
			isa = PBXGroup;
			children = (
			);
			path = View;
			sourceTree = "<group>";
		};
		744BE4261DE1B43C00FA406C /* Controller */ = {
			isa = PBXGroup;
			children = (
			);
			path = Controller;
			sourceTree = "<group>";
		};
		744BE4271DE1B43C00FA406C /* Model */ = {
			isa = PBXGroup;
			children = (
			);
			path = Model;
			sourceTree = "<group>";
		};
		744BE4281DE1B43C00FA406C /* View */ = {
			isa = PBXGroup;
			children = (
			);
			path = View;
			sourceTree = "<group>";
		};
		74686E941DEBDF0C00070CC7 /* Extension */ = {
			isa = PBXGroup;
			children = (
				74686E951DEBDF3000070CC7 /* UIBarButtonItem-Extension.swift */,
				744DA9031DEC1B9200EFE6AD /* UIColor+Extension.swift */,
			);
			path = Extension;
			sourceTree = "<group>";
		};
		74B0FBB41DDAD8BD00D66599 = {
			isa = PBXGroup;
			children = (
				74B0FBBF1DDAD8BD00D66599 /* DDYYZZBB */,
				74B0FBD41DDAD8BD00D66599 /* DDYYZZBBTests */,
				74B0FBDF1DDAD8BD00D66599 /* DDYYZZBBUITests */,
				74B0FBBE1DDAD8BD00D66599 /* Products */,
			);
			sourceTree = "<group>";
		};
		74B0FBBE1DDAD8BD00D66599 /* Products */ = {
			isa = PBXGroup;
			children = (
				74B0FBBD1DDAD8BD00D66599 /* DDYYZZBB.app */,
				74B0FBD11DDAD8BD00D66599 /* DDYYZZBBTests.xctest */,
				74B0FBDC1DDAD8BD00D66599 /* DDYYZZBBUITests.xctest */,
			);
			name = Products;
			sourceTree = "<group>";
		};
		74B0FBBF1DDAD8BD00D66599 /* DDYYZZBB */ = {
			isa = PBXGroup;
			children = (
				74B4F18C1DDE0309002549A4 /* Classes */,
				74B0FBC01DDAD8BD00D66599 /* AppDelegate.swift */,
				74B0FBC71DDAD8BD00D66599 /* Assets.xcassets */,
				74B0FBC91DDAD8BD00D66599 /* LaunchScreen.storyboard */,
				74B0FBCC1DDAD8BD00D66599 /* Info.plist */,
			);
			path = DDYYZZBB;
			sourceTree = "<group>";
		};
		74B0FBD41DDAD8BD00D66599 /* DDYYZZBBTests */ = {
			isa = PBXGroup;
			children = (
				74B0FBD51DDAD8BD00D66599 /* DDYYZZBBTests.swift */,
				74B0FBD71DDAD8BD00D66599 /* Info.plist */,
			);
			path = DDYYZZBBTests;
			sourceTree = "<group>";
		};
		74B0FBDF1DDAD8BD00D66599 /* DDYYZZBBUITests */ = {
			isa = PBXGroup;
			children = (
				74B0FBE01DDAD8BD00D66599 /* DDYYZZBBUITests.swift */,
				74B0FBE21DDAD8BD00D66599 /* Info.plist */,
			);
			path = DDYYZZBBUITests;
			sourceTree = "<group>";
		};
		74B4F18C1DDE0309002549A4 /* Classes */ = {
			isa = PBXGroup;
			children = (
				74B4F1901DDE0309002549A4 /* Main */,
				74B4F18E1DDE0309002549A4 /* Home */,
				74B4F18F1DDE0309002549A4 /* Live */,
				74B4F18D1DDE0309002549A4 /* Follow */,
				74B4F1911DDE0309002549A4 /* Profile */,
				74B4F1921DDE0309002549A4 /* Tools */,
			);
			path = Classes;
			sourceTree = "<group>";
		};
		74B4F18D1DDE0309002549A4 /* Follow */ = {
			isa = PBXGroup;
			children = (
				744BE4201DE1B41A00FA406C /* Controller */,
				744BE4211DE1B41A00FA406C /* Model */,
				744BE4221DE1B41A00FA406C /* View */,
				744BE4061DE1ABB400FA406C /* follow.storyboard */,
			);
			path = Follow;
			sourceTree = "<group>";
		};
		74B4F18E1DDE0309002549A4 /* Home */ = {
			isa = PBXGroup;
			children = (
				744BE3FF1DE1AA9700FA406C /* home.storyboard */,
				744BE41A1DE1B3EA00FA406C /* Controller */,
				744BE41B1DE1B3EA00FA406C /* Model */,
				744BE41C1DE1B3EA00FA406C /* View */,
			);
			path = Home;
			sourceTree = "<group>";
		};
		74B4F18F1DDE0309002549A4 /* Live */ = {
			isa = PBXGroup;
			children = (
				744BE40B1DE1AC9100FA406C /* live.storyboard */,
				744BE41D1DE1B3FC00FA406C /* Controller */,
				744BE41E1DE1B3FC00FA406C /* Model */,
				744BE41F1DE1B3FC00FA406C /* View */,
			);
			path = Live;
			sourceTree = "<group>";
		};
		74B4F1901DDE0309002549A4 /* Main */ = {
			isa = PBXGroup;
			children = (
				74B0FBC41DDAD8BD00D66599 /* Main.storyboard */,
				744BE4171DE1B3D700FA406C /* Model */,
				744BE4181DE1B3D700FA406C /* View */,
				744BE4151DE1B3D700FA406C /* Controller */,
			);
			path = Main;
			sourceTree = "<group>";
		};
		74B4F1911DDE0309002549A4 /* Profile */ = {
			isa = PBXGroup;
			children = (
				744BE4231DE1B42900FA406C /* Controller */,
				744BE4241DE1B42900FA406C /* Model */,
				744BE4251DE1B42900FA406C /* View */,
				744BE40E1DE1AC9B00FA406C /* profile.storyboard */,
			);
			path = Profile;
			sourceTree = "<group>";
		};
		74B4F1921DDE0309002549A4 /* Tools */ = {
			isa = PBXGroup;
			children = (
				74686E941DEBDF0C00070CC7 /* Extension */,
				744BE4261DE1B43C00FA406C /* Controller */,
				744BE4271DE1B43C00FA406C /* Model */,
				744BE4281DE1B43C00FA406C /* View */,
				744DA8FD1DEC067600EFE6AD /* Common.swift */,
			);
			path = Tools;
			sourceTree = "<group>";
		};
/* End PBXGroup section */

/* Begin PBXNativeTarget section */
		74B0FBBC1DDAD8BD00D66599 /* DDYYZZBB */ = {
			isa = PBXNativeTarget;
			buildConfigurationList = 74B0FBE51DDAD8BD00D66599 /* Build configuration list for PBXNativeTarget "DDYYZZBB" */;
			buildPhases = (
				74B0FBB91DDAD8BD00D66599 /* Sources */,
				74B0FBBA1DDAD8BD00D66599 /* Frameworks */,
				74B0FBBB1DDAD8BD00D66599 /* Resources */,
			);
			buildRules = (
			);
			dependencies = (
			);
			name = DDYYZZBB;
			productName = DDYYZZBB;
			productReference = 74B0FBBD1DDAD8BD00D66599 /* DDYYZZBB.app */;
			productType = "com.apple.product-type.application";
		};
		74B0FBD01DDAD8BD00D66599 /* DDYYZZBBTests */ = {
			isa = PBXNativeTarget;
			buildConfigurationList = 74B0FBE81DDAD8BD00D66599 /* Build configuration list for PBXNativeTarget "DDYYZZBBTests" */;
			buildPhases = (
				74B0FBCD1DDAD8BD00D66599 /* Sources */,
				74B0FBCE1DDAD8BD00D66599 /* Frameworks */,
				74B0FBCF1DDAD8BD00D66599 /* Resources */,
			);
			buildRules = (
			);
			dependencies = (
				74B0FBD31DDAD8BD00D66599 /* PBXTargetDependency */,
			);
			name = DDYYZZBBTests;
			productName = DDYYZZBBTests;
			productReference = 74B0FBD11DDAD8BD00D66599 /* DDYYZZBBTests.xctest */;
			productType = "com.apple.product-type.bundle.unit-test";
		};
		74B0FBDB1DDAD8BD00D66599 /* DDYYZZBBUITests */ = {
			isa = PBXNativeTarget;
			buildConfigurationList = 74B0FBEB1DDAD8BD00D66599 /* Build configuration list for PBXNativeTarget "DDYYZZBBUITests" */;
			buildPhases = (
				74B0FBD81DDAD8BD00D66599 /* Sources */,
				74B0FBD91DDAD8BD00D66599 /* Frameworks */,
				74B0FBDA1DDAD8BD00D66599 /* Resources */,
			);
			buildRules = (
			);
			dependencies = (
				74B0FBDE1DDAD8BD00D66599 /* PBXTargetDependency */,
			);
			name = DDYYZZBBUITests;
			productName = DDYYZZBBUITests;
			productReference = 74B0FBDC1DDAD8BD00D66599 /* DDYYZZBBUITests.xctest */;
			productType = "com.apple.product-type.bundle.ui-testing";
		};
/* End PBXNativeTarget section */

/* Begin PBXProject section */
		74B0FBB51DDAD8BD00D66599 /* Project object */ = {
			isa = PBXProject;
			attributes = {
				LastSwiftUpdateCheck = 0800;
				LastUpgradeCheck = 0800;
				ORGANIZATIONNAME = 3D;
				TargetAttributes = {
					74B0FBBC1DDAD8BD00D66599 = {
						CreatedOnToolsVersion = 8.0;
						DevelopmentTeam = U7UTR28EZN;
						ProvisioningStyle = Automatic;
					};
					74B0FBD01DDAD8BD00D66599 = {
						CreatedOnToolsVersion = 8.0;
						ProvisioningStyle = Automatic;
						TestTargetID = 74B0FBBC1DDAD8BD00D66599;
					};
					74B0FBDB1DDAD8BD00D66599 = {
						CreatedOnToolsVersion = 8.0;
						ProvisioningStyle = Automatic;
						TestTargetID = 74B0FBBC1DDAD8BD00D66599;
					};
				};
			};
			buildConfigurationList = 74B0FBB81DDAD8BD00D66599 /* Build configuration list for PBXProject "DDYYZZBB" */;
			compatibilityVersion = "Xcode 3.2";
			developmentRegion = English;
			hasScannedForEncodings = 0;
			knownRegions = (
				en,
				Base,
			);
			mainGroup = 74B0FBB41DDAD8BD00D66599;
			productRefGroup = 74B0FBBE1DDAD8BD00D66599 /* Products */;
			projectDirPath = "";
			projectRoot = "";
			targets = (
				74B0FBBC1DDAD8BD00D66599 /* DDYYZZBB */,
				74B0FBD01DDAD8BD00D66599 /* DDYYZZBBTests */,
				74B0FBDB1DDAD8BD00D66599 /* DDYYZZBBUITests */,
			);
		};
/* End PBXProject section */

/* Begin PBXResourcesBuildPhase section */
		74B0FBBB1DDAD8BD00D66599 /* Resources */ = {
			isa = PBXResourcesBuildPhase;
			buildActionMask = 2147483647;
			files = (
				744BE4101DE1AC9B00FA406C /* profile.storyboard in Resources */,
				744BE40D1DE1AC9100FA406C /* live.storyboard in Resources */,
				74B0FBCB1DDAD8BD00D66599 /* LaunchScreen.storyboard in Resources */,
				74B0FBC81DDAD8BD00D66599 /* Assets.xcassets in Resources */,
				744BE4081DE1ABB400FA406C /* follow.storyboard in Resources */,
				74B0FBC61DDAD8BD00D66599 /* Main.storyboard in Resources */,
				744BE4011DE1AA9700FA406C /* home.storyboard in Resources */,
			);
			runOnlyForDeploymentPostprocessing = 0;
		};
		74B0FBCF1DDAD8BD00D66599 /* Resources */ = {
			isa = PBXResourcesBuildPhase;
			buildActionMask = 2147483647;
			files = (
			);
			runOnlyForDeploymentPostprocessing = 0;
		};
		74B0FBDA1DDAD8BD00D66599 /* Resources */ = {
			isa = PBXResourcesBuildPhase;
			buildActionMask = 2147483647;
			files = (
			);
			runOnlyForDeploymentPostprocessing = 0;
		};
/* End PBXResourcesBuildPhase section */

/* Begin PBXSourcesBuildPhase section */
		74B0FBB91DDAD8BD00D66599 /* Sources */ = {
			isa = PBXSourcesBuildPhase;
			buildActionMask = 2147483647;
			files = (
				74B0FBC11DDAD8BD00D66599 /* AppDelegate.swift in Sources */,
				744BE4191DE1B3D700FA406C /* MainViewController.swift in Sources */,
				744DA9061DED8F8500EFE6AD /* LCRecommendViewController.swift in Sources */,
				744DA8FA1DEBF3C900EFE6AD /* PageTitleView.swift in Sources */,
				744DA9021DEC16BF00EFE6AD /* PageContentView.swift in Sources */,
				74686E961DEBDF3000070CC7 /* UIBarButtonItem-Extension.swift in Sources */,
				744DA8FE1DEC067600EFE6AD /* Common.swift in Sources */,
				744BE42A1DE1B73400FA406C /* HomeViewController.swift in Sources */,
				744DA9041DEC1B9200EFE6AD /* UIColor+Extension.swift in Sources */,
			);
			runOnlyForDeploymentPostprocessing = 0;
		};
		74B0FBCD1DDAD8BD00D66599 /* Sources */ = {
			isa = PBXSourcesBuildPhase;
			buildActionMask = 2147483647;
			files = (
				74B0FBD61DDAD8BD00D66599 /* DDYYZZBBTests.swift in Sources */,
			);
			runOnlyForDeploymentPostprocessing = 0;
		};
		74B0FBD81DDAD8BD00D66599 /* Sources */ = {
			isa = PBXSourcesBuildPhase;
			buildActionMask = 2147483647;
			files = (
				74B0FBE11DDAD8BD00D66599 /* DDYYZZBBUITests.swift in Sources */,
			);
			runOnlyForDeploymentPostprocessing = 0;
		};
/* End PBXSourcesBuildPhase section */

/* Begin PBXTargetDependency section */
		74B0FBD31DDAD8BD00D66599 /* PBXTargetDependency */ = {
			isa = PBXTargetDependency;
			target = 74B0FBBC1DDAD8BD00D66599 /* DDYYZZBB */;
			targetProxy = 74B0FBD21DDAD8BD00D66599 /* PBXContainerItemProxy */;
		};
		74B0FBDE1DDAD8BD00D66599 /* PBXTargetDependency */ = {
			isa = PBXTargetDependency;
			target = 74B0FBBC1DDAD8BD00D66599 /* DDYYZZBB */;
			targetProxy = 74B0FBDD1DDAD8BD00D66599 /* PBXContainerItemProxy */;
		};
/* End PBXTargetDependency section */

/* Begin PBXVariantGroup section */
		744BE3FF1DE1AA9700FA406C /* home.storyboard */ = {
			isa = PBXVariantGroup;
			children = (
				744BE4001DE1AA9700FA406C /* Base */,
			);
			name = home.storyboard;
			path = ../Main;
			sourceTree = "<group>";
		};
		744BE4061DE1ABB400FA406C /* follow.storyboard */ = {
			isa = PBXVariantGroup;
			children = (
				744BE4071DE1ABB400FA406C /* Base */,
			);
			name = follow.storyboard;
			path = ../Main;
			sourceTree = "<group>";
		};
		744BE40B1DE1AC9100FA406C /* live.storyboard */ = {
			isa = PBXVariantGroup;
			children = (
				744BE40C1DE1AC9100FA406C /* Base */,
			);
			name = live.storyboard;
			path = ../..;
			sourceTree = "<group>";
		};
		744BE40E1DE1AC9B00FA406C /* profile.storyboard */ = {
			isa = PBXVariantGroup;
			children = (
				744BE40F1DE1AC9B00FA406C /* Base */,
			);
			name = profile.storyboard;
			path = ../..;
			sourceTree = "<group>";
		};
		74B0FBC41DDAD8BD00D66599 /* Main.storyboard */ = {
			isa = PBXVariantGroup;
			children = (
				74B0FBC51DDAD8BD00D66599 /* Base */,
			);
			name = Main.storyboard;
			path = ../..;
			sourceTree = "<group>";
		};
		74B0FBC91DDAD8BD00D66599 /* LaunchScreen.storyboard */ = {
			isa = PBXVariantGroup;
			children = (
				74B0FBCA1DDAD8BD00D66599 /* Base */,
			);
			name = LaunchScreen.storyboard;
			sourceTree = "<group>";
		};
/* End PBXVariantGroup section */

/* Begin XCBuildConfiguration section */
		74B0FBE31DDAD8BD00D66599 /* Debug */ = {
			isa = XCBuildConfiguration;
			buildSettings = {
				ALWAYS_SEARCH_USER_PATHS = NO;
				CLANG_ANALYZER_NONNULL = YES;
				CLANG_CXX_LANGUAGE_STANDARD = "gnu++0x";
				CLANG_CXX_LIBRARY = "libc++";
				CLANG_ENABLE_MODULES = YES;
				CLANG_ENABLE_OBJC_ARC = YES;
				CLANG_WARN_BOOL_CONVERSION = YES;
				CLANG_WARN_CONSTANT_CONVERSION = YES;
				CLANG_WARN_DIRECT_OBJC_ISA_USAGE = YES_ERROR;
				CLANG_WARN_DOCUMENTATION_COMMENTS = YES;
				CLANG_WARN_EMPTY_BODY = YES;
				CLANG_WARN_ENUM_CONVERSION = YES;
				CLANG_WARN_INFINITE_RECURSION = YES;
				CLANG_WARN_INT_CONVERSION = YES;
				CLANG_WARN_OBJC_ROOT_CLASS = YES_ERROR;
				CLANG_WARN_SUSPICIOUS_MOVES = YES;
				CLANG_WARN_UNREACHABLE_CODE = YES;
				CLANG_WARN__DUPLICATE_METHOD_MATCH = YES;
				"CODE_SIGN_IDENTITY[sdk=iphoneos*]" = "iPhone Developer";
				COPY_PHASE_STRIP = NO;
				DEBUG_INFORMATION_FORMAT = dwarf;
				ENABLE_STRICT_OBJC_MSGSEND = YES;
				ENABLE_TESTABILITY = YES;
				GCC_C_LANGUAGE_STANDARD = gnu99;
				GCC_DYNAMIC_NO_PIC = NO;
				GCC_NO_COMMON_BLOCKS = YES;
				GCC_OPTIMIZATION_LEVEL = 0;
				GCC_PREPROCESSOR_DEFINITIONS = (
					"DEBUG=1",
					"$(inherited)",
				);
				GCC_WARN_64_TO_32_BIT_CONVERSION = YES;
				GCC_WARN_ABOUT_RETURN_TYPE = YES_ERROR;
				GCC_WARN_UNDECLARED_SELECTOR = YES;
				GCC_WARN_UNINITIALIZED_AUTOS = YES_AGGRESSIVE;
				GCC_WARN_UNUSED_FUNCTION = YES;
				GCC_WARN_UNUSED_VARIABLE = YES;
				IPHONEOS_DEPLOYMENT_TARGET = 10.0;
				MTL_ENABLE_DEBUG_INFO = YES;
				ONLY_ACTIVE_ARCH = YES;
				SDKROOT = iphoneos;
				SWIFT_ACTIVE_COMPILATION_CONDITIONS = DEBUG;
				SWIFT_OPTIMIZATION_LEVEL = "-Onone";
				TARGETED_DEVICE_FAMILY = "1,2";
			};
			name = Debug;
		};
		74B0FBE41DDAD8BD00D66599 /* Release */ = {
			isa = XCBuildConfiguration;
			buildSettings = {
				ALWAYS_SEARCH_USER_PATHS = NO;
				CLANG_ANALYZER_NONNULL = YES;
				CLANG_CXX_LANGUAGE_STANDARD = "gnu++0x";
				CLANG_CXX_LIBRARY = "libc++";
				CLANG_ENABLE_MODULES = YES;
				CLANG_ENABLE_OBJC_ARC = YES;
				CLANG_WARN_BOOL_CONVERSION = YES;
				CLANG_WARN_CONSTANT_CONVERSION = YES;
				CLANG_WARN_DIRECT_OBJC_ISA_USAGE = YES_ERROR;
				CLANG_WARN_DOCUMENTATION_COMMENTS = YES;
				CLANG_WARN_EMPTY_BODY = YES;
				CLANG_WARN_ENUM_CONVERSION = YES;
				CLANG_WARN_INFINITE_RECURSION = YES;
				CLANG_WARN_INT_CONVERSION = YES;
				CLANG_WARN_OBJC_ROOT_CLASS = YES_ERROR;
				CLANG_WARN_SUSPICIOUS_MOVES = YES;
				CLANG_WARN_UNREACHABLE_CODE = YES;
				CLANG_WARN__DUPLICATE_METHOD_MATCH = YES;
				"CODE_SIGN_IDENTITY[sdk=iphoneos*]" = "iPhone Developer";
				COPY_PHASE_STRIP = NO;
				DEBUG_INFORMATION_FORMAT = "dwarf-with-dsym";
				ENABLE_NS_ASSERTIONS = NO;
				ENABLE_STRICT_OBJC_MSGSEND = YES;
				GCC_C_LANGUAGE_STANDARD = gnu99;
				GCC_NO_COMMON_BLOCKS = YES;
				GCC_WARN_64_TO_32_BIT_CONVERSION = YES;
				GCC_WARN_ABOUT_RETURN_TYPE = YES_ERROR;
				GCC_WARN_UNDECLARED_SELECTOR = YES;
				GCC_WARN_UNINITIALIZED_AUTOS = YES_AGGRESSIVE;
				GCC_WARN_UNUSED_FUNCTION = YES;
				GCC_WARN_UNUSED_VARIABLE = YES;
				IPHONEOS_DEPLOYMENT_TARGET = 10.0;
				MTL_ENABLE_DEBUG_INFO = NO;
				SDKROOT = iphoneos;
				SWIFT_OPTIMIZATION_LEVEL = "-Owholemodule";
				TARGETED_DEVICE_FAMILY = "1,2";
				VALIDATE_PRODUCT = YES;
			};
			name = Release;
		};
		74B0FBE61DDAD8BD00D66599 /* Debug */ = {
			isa = XCBuildConfiguration;
			buildSettings = {
				ASSETCATALOG_COMPILER_APPICON_NAME = AppIcon;
				ASSETCATALOG_COMPILER_LAUNCHIMAGE_NAME = LaunchImage;
				DEVELOPMENT_TEAM = U7UTR28EZN;
				INFOPLIST_FILE = DDYYZZBB/Info.plist;
				IPHONEOS_DEPLOYMENT_TARGET = 8.0;
				LD_RUNPATH_SEARCH_PATHS = "$(inherited) @executable_path/Frameworks";
				PRODUCT_BUNDLE_IDENTIFIER = lcc.DDYYZZBB;
				PRODUCT_NAME = "$(TARGET_NAME)";
				SWIFT_VERSION = 3.0;
				TARGETED_DEVICE_FAMILY = 1;
			};
			name = Debug;
		};
		74B0FBE71DDAD8BD00D66599 /* Release */ = {
			isa = XCBuildConfiguration;
			buildSettings = {
				ASSETCATALOG_COMPILER_APPICON_NAME = AppIcon;
				ASSETCATALOG_COMPILER_LAUNCHIMAGE_NAME = LaunchImage;
				DEVELOPMENT_TEAM = U7UTR28EZN;
				INFOPLIST_FILE = DDYYZZBB/Info.plist;
				IPHONEOS_DEPLOYMENT_TARGET = 8.0;
				LD_RUNPATH_SEARCH_PATHS = "$(inherited) @executable_path/Frameworks";
				PRODUCT_BUNDLE_IDENTIFIER = lcc.DDYYZZBB;
				PRODUCT_NAME = "$(TARGET_NAME)";
				SWIFT_VERSION = 3.0;
				TARGETED_DEVICE_FAMILY = 1;
			};
			name = Release;
		};
		74B0FBE91DDAD8BD00D66599 /* Debug */ = {
			isa = XCBuildConfiguration;
			buildSettings = {
				ALWAYS_EMBED_SWIFT_STANDARD_LIBRARIES = YES;
				BUNDLE_LOADER = "$(TEST_HOST)";
				INFOPLIST_FILE = DDYYZZBBTests/Info.plist;
				LD_RUNPATH_SEARCH_PATHS = "$(inherited) @executable_path/Frameworks @loader_path/Frameworks";
				PRODUCT_BUNDLE_IDENTIFIER = lcc.DDYYZZBBTests;
				PRODUCT_NAME = "$(TARGET_NAME)";
				SWIFT_VERSION = 3.0;
				TEST_HOST = "$(BUILT_PRODUCTS_DIR)/DDYYZZBB.app/DDYYZZBB";
			};
			name = Debug;
		};
		74B0FBEA1DDAD8BD00D66599 /* Release */ = {
			isa = XCBuildConfiguration;
			buildSettings = {
				ALWAYS_EMBED_SWIFT_STANDARD_LIBRARIES = YES;
				BUNDLE_LOADER = "$(TEST_HOST)";
				INFOPLIST_FILE = DDYYZZBBTests/Info.plist;
				LD_RUNPATH_SEARCH_PATHS = "$(inherited) @executable_path/Frameworks @loader_path/Frameworks";
				PRODUCT_BUNDLE_IDENTIFIER = lcc.DDYYZZBBTests;
				PRODUCT_NAME = "$(TARGET_NAME)";
				SWIFT_VERSION = 3.0;
				TEST_HOST = "$(BUILT_PRODUCTS_DIR)/DDYYZZBB.app/DDYYZZBB";
			};
			name = Release;
		};
		74B0FBEC1DDAD8BD00D66599 /* Debug */ = {
			isa = XCBuildConfiguration;
			buildSettings = {
				ALWAYS_EMBED_SWIFT_STANDARD_LIBRARIES = YES;
				INFOPLIST_FILE = DDYYZZBBUITests/Info.plist;
				LD_RUNPATH_SEARCH_PATHS = "$(inherited) @executable_path/Frameworks @loader_path/Frameworks";
				PRODUCT_BUNDLE_IDENTIFIER = lcc.DDYYZZBBUITests;
				PRODUCT_NAME = "$(TARGET_NAME)";
				SWIFT_VERSION = 3.0;
				TEST_TARGET_NAME = DDYYZZBB;
			};
			name = Debug;
		};
		74B0FBED1DDAD8BD00D66599 /* Release */ = {
			isa = XCBuildConfiguration;
			buildSettings = {
				ALWAYS_EMBED_SWIFT_STANDARD_LIBRARIES = YES;
				INFOPLIST_FILE = DDYYZZBBUITests/Info.plist;
				LD_RUNPATH_SEARCH_PATHS = "$(inherited) @executable_path/Frameworks @loader_path/Frameworks";
				PRODUCT_BUNDLE_IDENTIFIER = lcc.DDYYZZBBUITests;
				PRODUCT_NAME = "$(TARGET_NAME)";
				SWIFT_VERSION = 3.0;
				TEST_TARGET_NAME = DDYYZZBB;
			};
			name = Release;
		};
/* End XCBuildConfiguration section */

/* Begin XCConfigurationList section */
		74B0FBB81DDAD8BD00D66599 /* Build configuration list for PBXProject "DDYYZZBB" */ = {
			isa = XCConfigurationList;
			buildConfigurations = (
				74B0FBE31DDAD8BD00D66599 /* Debug */,
				74B0FBE41DDAD8BD00D66599 /* Release */,
			);
			defaultConfigurationIsVisible = 0;
			defaultConfigurationName = Release;
		};
		74B0FBE51DDAD8BD00D66599 /* Build configuration list for PBXNativeTarget "DDYYZZBB" */ = {
			isa = XCConfigurationList;
			buildConfigurations = (
				74B0FBE61DDAD8BD00D66599 /* Debug */,
				74B0FBE71DDAD8BD00D66599 /* Release */,
			);
			defaultConfigurationIsVisible = 0;
			defaultConfigurationName = Release;
		};
		74B0FBE81DDAD8BD00D66599 /* Build configuration list for PBXNativeTarget "DDYYZZBBTests" */ = {
			isa = XCConfigurationList;
			buildConfigurations = (
				74B0FBE91DDAD8BD00D66599 /* Debug */,
				74B0FBEA1DDAD8BD00D66599 /* Release */,
			);
			defaultConfigurationIsVisible = 0;
			defaultConfigurationName = Release;
		};
		74B0FBEB1DDAD8BD00D66599 /* Build configuration list for PBXNativeTarget "DDYYZZBBUITests" */ = {
			isa = XCConfigurationList;
			buildConfigurations = (
				74B0FBEC1DDAD8BD00D66599 /* Debug */,
				74B0FBED1DDAD8BD00D66599 /* Release */,
			);
			defaultConfigurationIsVisible = 0;
			defaultConfigurationName = Release;
		};
/* End XCConfigurationList section */
	};
	rootObject = 74B0FBB51DDAD8BD00D66599 /* Project object */;
}
